# This file is automatically @generated by Cargo.
# It is not intended for manual editing.
version = 3

[[package]]
name = "atrium"
version = "0.30.2"
dependencies = [
 "nativelite-abus",
 "nativelite-agsess",
 "nativelite-akey",
 "nativelite-ansi",
 "nativelite-json",
 "nativelite-pty",
 "nativelite-rawterm",
 "nativelite-vterm",
]

[[package]]
name = "nativelite-abus"
version = "0.1.0"
dependencies = [
 "nativelite-json",
]

[[package]]
name = "nativelite-agsess"
version = "0.1.0"
dependencies = [
 "nativelite-json",
]

[[package]]
name = "nativelite-akey"
version = "0.2.1"
dependencies = [
 "nativelite-cred",
 "nativelite-json",
]

[[package]]
name = "nativelite-ansi"
version = "0.1.0"

[[package]]
name = "nativelite-cred"
version = "0.1.0"

[[package]]
name = "nativelite-json"
version = "0.1.0"

[[package]]
name = "nativelite-pty"
version = "0.3.0"

[[package]]
name = "nativelite-rawterm"
version = "0.2.1"

[[package]]
name = "nativelite-vterm"
version = "0.3.0"
dependencies = [
 "nativelite-ansi",
]
